// !$*UTF8*$!
{
	archiveVersion = 1;
	classes = {
	};
	objectVersion = 50;
	objects = {

/* Begin PBXBuildFile section */
		132E4EA644DA28E5635D64BE /* libPods-HTMLAnalysisDemo.a in Frameworks */ = {isa = PBXBuildFile; fileRef = D93854973EC1570474240F65 /* libPods-HTMLAnalysisDemo.a */; };
		F80539392243A24F00AA7312 /* AppDelegate.m in Sources */ = {isa = PBXBuildFile; fileRef = F80539382243A24F00AA7312 /* AppDelegate.m */; };
		F805393C2243A24F00AA7312 /* ViewController.m in Sources */ = {isa = PBXBuildFile; fileRef = F805393B2243A24F00AA7312 /* ViewController.m */; };
		F805393F2243A24F00AA7312 /* Main.storyboard in Resources */ = {isa = PBXBuildFile; fileRef = F805393D2243A24F00AA7312 /* Main.storyboard */; };
		F80539412243A25100AA7312 /* Assets.xcassets in Resources */ = {isa = PBXBuildFile; fileRef = F80539402243A25100AA7312 /* Assets.xcassets */; };
		F80539442243A25100AA7312 /* LaunchScreen.storyboard in Resources */ = {isa = PBXBuildFile; fileRef = F80539422243A25100AA7312 /* LaunchScreen.storyboard */; };
		F80539472243A25100AA7312 /* main.m in Sources */ = {isa = PBXBuildFile; fileRef = F80539462243A25100AA7312 /* main.m */; };
		F80539512243A25100AA7312 /* HTMLAnalysisDemoTests.m in Sources */ = {isa = PBXBuildFile; fileRef = F80539502243A25100AA7312 /* HTMLAnalysisDemoTests.m */; };
		F805395C2243A25100AA7312 /* HTMLAnalysisDemoUITests.m in Sources */ = {isa = PBXBuildFile; fileRef = F805395B2243A25100AA7312 /* HTMLAnalysisDemoUITests.m */; };
		F80539752248E98200AA7312 /* HTMLAnalysisHelper.m in Sources */ = {isa = PBXBuildFile; fileRef = F80539742248E98200AA7312 /* HTMLAnalysisHelper.m */; };
		F80539782248E99B00AA7312 /* AttributedStrModel.m in Sources */ = {isa = PBXBuildFile; fileRef = F80539772248E99B00AA7312 /* AttributedStrModel.m */; };
/* End PBXBuildFile section */

/* Begin PBXContainerItemProxy section */
		F805394D2243A25100AA7312 /* PBXContainerItemProxy */ = {
			isa = PBXContainerItemProxy;
			containerPortal = F805392C2243A24F00AA7312 /* Project object */;
			proxyType = 1;
			remoteGlobalIDString = F80539332243A24F00AA7312;
			remoteInfo = HTMLAnalysisDemo;
		};
		F80539582243A25100AA7312 /* PBXContainerItemProxy */ = {
			isa = PBXContainerItemProxy;
			containerPortal = F805392C2243A24F00AA7312 /* Project object */;
			proxyType = 1;
			remoteGlobalIDString = F80539332243A24F00AA7312;
			remoteInfo = HTMLAnalysisDemo;
		};
/* End PBXContainerItemProxy section */

/* Begin PBXFileReference section */
		0FBAFD79E963563407AD2713 /* Pods-HTMLAnalysisDemo.debug.xcconfig */ = {isa = PBXFileReference; includeInIndex = 1; lastKnownFileType = text.xcconfig; name = "Pods-HTMLAnalysisDemo.debug.xcconfig"; path = "Pods/Target Support Files/Pods-HTMLAnalysisDemo/Pods-HTMLAnalysisDemo.debug.xcconfig"; sourceTree = "<group>"; };
		68BCA25F1A491A5B9699AD06 /* Pods-HTMLAnalysisDemo.release.xcconfig */ = {isa = PBXFileReference; includeInIndex = 1; lastKnownFileType = text.xcconfig; name = "Pods-HTMLAnalysisDemo.release.xcconfig"; path = "Pods/Target Support Files/Pods-HTMLAnalysisDemo/Pods-HTMLAnalysisDemo.release.xcconfig"; sourceTree = "<group>"; };
		D93854973EC1570474240F65 /* libPods-HTMLAnalysisDemo.a */ = {isa = PBXFileReference; explicitFileType = archive.ar; includeInIndex = 0; path = "libPods-HTMLAnalysisDemo.a"; sourceTree = BUILT_PRODUCTS_DIR; };
		F80539342243A24F00AA7312 /* HTMLAnalysisDemo.app */ = {isa = PBXFileReference; explicitFileType = wrapper.application; includeInIndex = 0; path = HTMLAnalysisDemo.app; sourceTree = BUILT_PRODUCTS_DIR; };
		F80539372243A24F00AA7312 /* AppDelegate.h */ = {isa = PBXFileReference; lastKnownFileType = sourcecode.c.h; path = AppDelegate.h; sourceTree = "<group>"; };
		F80539382243A24F00AA7312 /* AppDelegate.m */ = {isa = PBXFileReference; lastKnownFileType = sourcecode.c.objc; path = AppDelegate.m; sourceTree = "<group>"; };
		F805393A2243A24F00AA7312 /* ViewController.h */ = {isa = PBXFileReference; lastKnownFileType = sourcecode.c.h; path = ViewController.h; sourceTree = "<group>"; };
		F805393B2243A24F00AA7312 /* ViewController.m */ = {isa = PBXFileReference; lastKnownFileType = sourcecode.c.objc; path = ViewController.m; sourceTree = "<group>"; };
		F805393E2243A24F00AA7312 /* Base */ = {isa = PBXFileReference; lastKnownFileType = file.storyboard; name = Base; path = Base.lproj/Main.storyboard; sourceTree = "<group>"; };
		F80539402243A25100AA7312 /* Assets.xcassets */ = {isa = PBXFileReference; lastKnownFileType = folder.assetcatalog; path = Assets.xcassets; sourceTree = "<group>"; };
		F80539432243A25100AA7312 /* Base */ = {isa = PBXFileReference; lastKnownFileType = file.storyboard; name = Base; path = Base.lproj/LaunchScreen.storyboard; sourceTree = "<group>"; };
		F80539452243A25100AA7312 /* Info.plist */ = {isa = PBXFileReference; lastKnownFileType = text.plist.xml; path = Info.plist; sourceTree = "<group>"; };
		F80539462243A25100AA7312 /* main.m */ = {isa = PBXFileReference; lastKnownFileType = sourcecode.c.objc; path = main.m; sourceTree = "<group>"; };
		F805394C2243A25100AA7312 /* HTMLAnalysisDemoTests.xctest */ = {isa = PBXFileReference; explicitFileType = wrapper.cfbundle; includeInIndex = 0; path = HTMLAnalysisDemoTests.xctest; sourceTree = BUILT_PRODUCTS_DIR; };
		F80539502243A25100AA7312 /* HTMLAnalysisDemoTests.m */ = {isa = PBXFileReference; lastKnownFileType = sourcecode.c.objc; path = HTMLAnalysisDemoTests.m; sourceTree = "<group>"; };
		F80539522243A25100AA7312 /* Info.plist */ = {isa = PBXFileReference; lastKnownFileType = text.plist.xml; path = Info.plist; sourceTree = "<group>"; };
		F80539572243A25100AA7312 /* HTMLAnalysisDemoUITests.xctest */ = {isa = PBXFileReference; explicitFileType = wrapper.cfbundle; includeInIndex = 0; path = HTMLAnalysisDemoUITests.xctest; sourceTree = BUILT_PRODUCTS_DIR; };
		F805395B2243A25100AA7312 /* HTMLAnalysisDemoUITests.m */ = {isa = PBXFileReference; lastKnownFileType = sourcecode.c.objc; path = HTMLAnalysisDemoUITests.m; sourceTree = "<group>"; };
		F805395D2243A25100AA7312 /* Info.plist */ = {isa = PBXFileReference; lastKnownFileType = text.plist.xml; path = Info.plist; sourceTree = "<group>"; };
		F80539732248E98200AA7312 /* HTMLAnalysisHelper.h */ = {isa = PBXFileReference; lastKnownFileType = sourcecode.c.h; path = HTMLAnalysisHelper.h; sourceTree = "<group>"; };
		F80539742248E98200AA7312 /* HTMLAnalysisHelper.m */ = {isa = PBXFileReference; lastKnownFileType = sourcecode.c.objc; path = HTMLAnalysisHelper.m; sourceTree = "<group>"; };
		F80539762248E99B00AA7312 /* AttributedStrModel.h */ = {isa = PBXFileReference; lastKnownFileType = sourcecode.c.h; path = AttributedStrModel.h; sourceTree = "<group>"; };
		F80539772248E99B00AA7312 /* AttributedStrModel.m */ = {isa = PBXFileReference; lastKnownFileType = sourcecode.c.objc; path = AttributedStrModel.m; sourceTree = "<group>"; };
/* End PBXFileReference section */

/* Begin PBXFrameworksBuildPhase section */
		F80539312243A24F00AA7312 /* Frameworks */ = {
			isa = PBXFrameworksBuildPhase;
			buildActionMask = 2147483647;
			files = (
				132E4EA644DA28E5635D64BE /* libPods-HTMLAnalysisDemo.a in Frameworks */,
			);
			runOnlyForDeploymentPostprocessing = 0;
		};
		F80539492243A25100AA7312 /* Frameworks */ = {
			isa = PBXFrameworksBuildPhase;
			buildActionMask = 2147483647;
			files = (
			);
			runOnlyForDeploymentPostprocessing = 0;
		};
		F80539542243A25100AA7312 /* Frameworks */ = {
			isa = PBXFrameworksBuildPhase;
			buildActionMask = 2147483647;
			files = (
			);
			runOnlyForDeploymentPostprocessing = 0;
		};
/* End PBXFrameworksBuildPhase section */

/* Begin PBXGroup section */
		2B89BF132EF5C6BE5C1A0CEB /* Frameworks */ = {
			isa = PBXGroup;
			children = (
				D93854973EC1570474240F65 /* libPods-HTMLAnalysisDemo.a */,
			);
			name = Frameworks;
			sourceTree = "<group>";
		};
		F3E2105323BF28FAAD5AB3F0 /* Pods */ = {
			isa = PBXGroup;
			children = (
				0FBAFD79E963563407AD2713 /* Pods-HTMLAnalysisDemo.debug.xcconfig */,
				68BCA25F1A491A5B9699AD06 /* Pods-HTMLAnalysisDemo.release.xcconfig */,
			);
			name = Pods;
			sourceTree = "<group>";
		};
		F805392B2243A24F00AA7312 = {
			isa = PBXGroup;
			children = (
				F80539362243A24F00AA7312 /* HTMLAnalysisDemo */,
				F805394F2243A25100AA7312 /* HTMLAnalysisDemoTests */,
				F805395A2243A25100AA7312 /* HTMLAnalysisDemoUITests */,
				F80539352243A24F00AA7312 /* Products */,
				F3E2105323BF28FAAD5AB3F0 /* Pods */,
				2B89BF132EF5C6BE5C1A0CEB /* Frameworks */,
			);
			sourceTree = "<group>";
		};
		F80539352243A24F00AA7312 /* Products */ = {
			isa = PBXGroup;
			children = (
				F80539342243A24F00AA7312 /* HTMLAnalysisDemo.app */,
				F805394C2243A25100AA7312 /* HTMLAnalysisDemoTests.xctest */,
				F80539572243A25100AA7312 /* HTMLAnalysisDemoUITests.xctest */,
			);
			name = Products;
			sourceTree = "<group>";
		};
		F80539362243A24F00AA7312 /* HTMLAnalysisDemo */ = {
			isa = PBXGroup;
			children = (
				F80539722248E95100AA7312 /* HTMLAnalysisHelper */,
				F80539372243A24F00AA7312 /* AppDelegate.h */,
				F80539382243A24F00AA7312 /* AppDelegate.m */,
				F805393A2243A24F00AA7312 /* ViewController.h */,
				F805393B2243A24F00AA7312 /* ViewController.m */,
				F805393D2243A24F00AA7312 /* Main.storyboard */,
				F80539402243A25100AA7312 /* Assets.xcassets */,
				F80539422243A25100AA7312 /* LaunchScreen.storyboard */,
				F80539452243A25100AA7312 /* Info.plist */,
				F80539462243A25100AA7312 /* main.m */,
			);
			path = HTMLAnalysisDemo;
			sourceTree = "<group>";
		};
		F805394F2243A25100AA7312 /* HTMLAnalysisDemoTests */ = {
			isa = PBXGroup;
			children = (
				F80539502243A25100AA7312 /* HTMLAnalysisDemoTests.m */,
				F80539522243A25100AA7312 /* Info.plist */,
			);
			path = HTMLAnalysisDemoTests;
			sourceTree = "<group>";
		};
		F805395A2243A25100AA7312 /* HTMLAnalysisDemoUITests */ = {
			isa = PBXGroup;
			children = (
				F805395B2243A25100AA7312 /* HTMLAnalysisDemoUITests.m */,
				F805395D2243A25100AA7312 /* Info.plist */,
			);
			path = HTMLAnalysisDemoUITests;
			sourceTree = "<group>";
		};
		F80539722248E95100AA7312 /* HTMLAnalysisHelper */ = {
			isa = PBXGroup;
			children = (
				F80539732248E98200AA7312 /* HTMLAnalysisHelper.h */,
				F80539742248E98200AA7312 /* HTMLAnalysisHelper.m */,
				F80539762248E99B00AA7312 /* AttributedStrModel.h */,
				F80539772248E99B00AA7312 /* AttributedStrModel.m */,
			);
			path = HTMLAnalysisHelper;
			sourceTree = "<group>";
		};
/* End PBXGroup section */

/* Begin PBXNativeTarget section */
		F80539332243A24F00AA7312 /* HTMLAnalysisDemo */ = {
			isa = PBXNativeTarget;
			buildConfigurationList = F80539602243A25100AA7312 /* Build configuration list for PBXNativeTarget "HTMLAnalysisDemo" */;
			buildPhases = (
				5742B833F8254957FEA25335 /* [CP] Check Pods Manifest.lock */,
				F80539302243A24F00AA7312 /* Sources */,
				F80539312243A24F00AA7312 /* Frameworks */,
				F80539322243A24F00AA7312 /* Resources */,
			);
			buildRules = (
			);
			dependencies = (
			);
			name = HTMLAnalysisDemo;
			productName = HTMLAnalysisDemo;
			productReference = F80539342243A24F00AA7312 /* HTMLAnalysisDemo.app */;
			productType = "com.apple.product-type.application";
		};
		F805394B2243A25100AA7312 /* HTMLAnalysisDemoTests */ = {
			isa = PBXNativeTarget;
			buildConfigurationList = F80539632243A25100AA7312 /* Build configuration list for PBXNativeTarget "HTMLAnalysisDemoTests" */;
			buildPhases = (
				F80539482243A25100AA7312 /* Sources */,
				F80539492243A25100AA7312 /* Frameworks */,
				F805394A2243A25100AA7312 /* Resources */,
			);
			buildRules = (
			);
			dependencies = (
				F805394E2243A25100AA7312 /* PBXTargetDependency */,
			);
			name = HTMLAnalysisDemoTests;
			productName = HTMLAnalysisDemoTests;
			productReference = F805394C2243A25100AA7312 /* HTMLAnalysisDemoTests.xctest */;
			productType = "com.apple.product-type.bundle.unit-test";
		};
		F80539562243A25100AA7312 /* HTMLAnalysisDemoUITests */ = {
			isa = PBXNativeTarget;
			buildConfigurationList = F80539662243A25100AA7312 /* Build configuration list for PBXNativeTarget "HTMLAnalysisDemoUITests" */;
			buildPhases = (
				F80539532243A25100AA7312 /* Sources */,
				F80539542243A25100AA7312 /* Frameworks */,
				F80539552243A25100AA7312 /* Resources */,
			);
			buildRules = (
			);
			dependencies = (
				F80539592243A25100AA7312 /* PBXTargetDependency */,
			);
			name = HTMLAnalysisDemoUITests;
			productName = HTMLAnalysisDemoUITests;
			productReference = F80539572243A25100AA7312 /* HTMLAnalysisDemoUITests.xctest */;
			productType = "com.apple.product-type.bundle.ui-testing";
		};
/* End PBXNativeTarget section */

/* Begin PBXProject section */
		F805392C2243A24F00AA7312 /* Project object */ = {
			isa = PBXProject;
			attributes = {
				LastUpgradeCheck = 1010;
				ORGANIZATIONNAME = ztcj_develop_mini;
				TargetAttributes = {
					F80539332243A24F00AA7312 = {
						CreatedOnToolsVersion = 10.1;
					};
					F805394B2243A25100AA7312 = {
						CreatedOnToolsVersion = 10.1;
						TestTargetID = F80539332243A24F00AA7312;
					};
					F80539562243A25100AA7312 = {
						CreatedOnToolsVersion = 10.1;
						TestTargetID = F80539332243A24F00AA7312;
					};
				};
			};
			buildConfigurationList = F805392F2243A24F00AA7312 /* Build configuration list for PBXProject "HTMLAnalysisDemo" */;
			compatibilityVersion = "Xcode 9.3";
			developmentRegion = en;
			hasScannedForEncodings = 0;
			knownRegions = (
				en,
				Base,
			);
			mainGroup = F805392B2243A24F00AA7312;
			productRefGroup = F80539352243A24F00AA7312 /* Products */;
			projectDirPath = "";
			projectRoot = "";
			targets = (
				F80539332243A24F00AA7312 /* HTMLAnalysisDemo */,
				F805394B2243A25100AA7312 /* HTMLAnalysisDemoTests */,
				F80539562243A25100AA7312 /* HTMLAnalysisDemoUITests */,
			);
		};
/* End PBXProject section */

/* Begin PBXResourcesBuildPhase section */
		F80539322243A24F00AA7312 /* Resources */ = {
			isa = PBXResourcesBuildPhase;
			buildActionMask = 2147483647;
			files = (
				F80539442243A25100AA7312 /* LaunchScreen.storyboard in Resources */,
				F80539412243A25100AA7312 /* Assets.xcassets in Resources */,
				F805393F2243A24F00AA7312 /* Main.storyboard in Resources */,
			);
			runOnlyForDeploymentPostprocessing = 0;
		};
		F805394A2243A25100AA7312 /* Resources */ = {
			isa = PBXResourcesBuildPhase;
			buildActionMask = 2147483647;
			files = (
			);
			runOnlyForDeploymentPostprocessing = 0;
		};
		F80539552243A25100AA7312 /* Resources */ = {
			isa = PBXResourcesBuildPhase;
			buildActionMask = 2147483647;
			files = (
			);
			runOnlyForDeploymentPostprocessing = 0;
		};
/* End PBXResourcesBuildPhase section */

/* Begin PBXShellScriptBuildPhase section */
		5742B833F8254957FEA25335 /* [CP] Check Pods Manifest.lock */ = {
			isa = PBXShellScriptBuildPhase;
			buildActionMask = 2147483647;
			files = (
			);
			inputFileListPaths = (
			);
			inputPaths = (
				"${PODS_PODFILE_DIR_PATH}/Podfile.lock",
				"${PODS_ROOT}/Manifest.lock",
			);
			name = "[CP] Check Pods Manifest.lock";
			outputFileListPaths = (
			);
			outputPaths = (
				"$(DERIVED_FILE_DIR)/Pods-HTMLAnalysisDemo-checkManifestLockResult.txt",
			);
			runOnlyForDeploymentPostprocessing = 0;
			shellPath = /bin/sh;
			shellScript = "diff \"${PODS_PODFILE_DIR_PATH}/Podfile.lock\" \"${PODS_ROOT}/Manifest.lock\" > /dev/null\nif [ $? != 0 ] ; then\n    # print error to STDERR\n    echo \"error: The sandbox is not in sync with the Podfile.lock. Run 'pod install' or update your CocoaPods installation.\" >&2\n    exit 1\nfi\n# This output is used by Xcode 'outputs' to avoid re-running this script phase.\necho \"SUCCESS\" > \"${SCRIPT_OUTPUT_FILE_0}\"\n";
			showEnvVarsInLog = 0;
		};
/* End PBXShellScriptBuildPhase section */

/* Begin PBXSourcesBuildPhase section */
		F80539302243A24F00AA7312 /* Sources */ = {
			isa = PBXSourcesBuildPhase;
			buildActionMask = 2147483647;
			files = (
				F80539752248E98200AA7312 /* HTMLAnalysisHelper.m in Sources */,
				F805393C2243A24F00AA7312 /* ViewController.m in Sources */,
				F80539472243A25100AA7312 /* main.m in Sources */,
				F80539392243A24F00AA7312 /* AppDelegate.m in Sources */,
				F80539782248E99B00AA7312 /* AttributedStrModel.m in Sources */,
			);
			runOnlyForDeploymentPostprocessing = 0;
		};
		F80539482243A25100AA7312 /* Sources */ = {
			isa = PBXSourcesBuildPhase;
			buildActionMask = 2147483647;
			files = (
				F80539512243A25100AA7312 /* HTMLAnalysisDemoTests.m in Sources */,
			);
			runOnlyForDeploymentPostprocessing = 0;
		};
		F80539532243A25100AA7312 /* Sources */ = {
			isa = PBXSourcesBuildPhase;
			buildActionMask = 2147483647;
			files = (
				F805395C2243A25100AA7312 /* HTMLAnalysisDemoUITests.m in Sources */,
			);
			runOnlyForDeploymentPostprocessing = 0;
		};
/* End PBXSourcesBuildPhase section */

/* Begin PBXTargetDependency section */
		F805394E2243A25100AA7312 /* PBXTargetDependency */ = {
			isa = PBXTargetDependency;
			target = F80539332243A24F00AA7312 /* HTMLAnalysisDemo */;
			targetProxy = F805394D2243A25100AA7312 /* PBXContainerItemProxy */;
		};
		F80539592243A25100AA7312 /* PBXTargetDependency */ = {
			isa = PBXTargetDependency;
			target = F80539332243A24F00AA7312 /* HTMLAnalysisDemo */;
			targetProxy = F80539582243A25100AA7312 /* PBXContainerItemProxy */;
		};
/* End PBXTargetDependency section */

/* Begin PBXVariantGroup section */
		F805393D2243A24F00AA7312 /* Main.storyboard */ = {
			isa = PBXVariantGroup;
			children = (
				F805393E2243A24F00AA7312 /* Base */,
			);
			name = Main.storyboard;
			sourceTree = "<group>";
		};
		F80539422243A25100AA7312 /* LaunchScreen.storyboard */ = {
			isa = PBXVariantGroup;
			children = (
				F80539432243A25100AA7312 /* Base */,
			);
			name = LaunchScreen.storyboard;
			sourceTree = "<group>";
		};
/* End PBXVariantGroup section */

/* Begin XCBuildConfiguration section */
		F805395E2243A25100AA7312 /* Debug */ = {
			isa = XCBuildConfiguration;
			buildSettings = {
				ALWAYS_SEARCH_USER_PATHS = NO;
				CLANG_ANALYZER_NONNULL = YES;
				CLANG_ANALYZER_NUMBER_OBJECT_CONVERSION = YES_AGGRESSIVE;
				CLANG_CXX_LANGUAGE_STANDARD = "gnu++14";
				CLANG_CXX_LIBRARY = "libc++";
				CLANG_ENABLE_MODULES = YES;
				CLANG_ENABLE_OBJC_ARC = YES;
				CLANG_ENABLE_OBJC_WEAK = YES;
				CLANG_WARN_BLOCK_CAPTURE_AUTORELEASING = YES;
				CLANG_WARN_BOOL_CONVERSION = YES;
				CLANG_WARN_COMMA = YES;
				CLANG_WARN_CONSTANT_CONVERSION = YES;
				CLANG_WARN_DEPRECATED_OBJC_IMPLEMENTATIONS = YES;
				CLANG_WARN_DIRECT_OBJC_ISA_USAGE = YES_ERROR;
				CLANG_WARN_DOCUMENTATION_COMMENTS = YES;
				CLANG_WARN_EMPTY_BODY = YES;
				CLANG_WARN_ENUM_CONVERSION = YES;
				CLANG_WARN_INFINITE_RECURSION = YES;
				CLANG_WARN_INT_CONVERSION = YES;
				CLANG_WARN_NON_LITERAL_NULL_CONVERSION = YES;
				CLANG_WARN_OBJC_IMPLICIT_RETAIN_SELF = YES;
				CLANG_WARN_OBJC_LITERAL_CONVERSION = YES;
				CLANG_WARN_OBJC_ROOT_CLASS = YES_ERROR;
				CLANG_WARN_RANGE_LOOP_ANALYSIS = YES;
				CLANG_WARN_STRICT_PROTOTYPES = YES;
				CLANG_WARN_SUSPICIOUS_MOVE = YES;
				CLANG_WARN_UNGUARDED_AVAILABILITY = YES_AGGRESSIVE;
				CLANG_WARN_UNREACHABLE_CODE = YES;
				CLANG_WARN__DUPLICATE_METHOD_MATCH = YES;
				CODE_SIGN_IDENTITY = "iPhone Developer";
				COPY_PHASE_STRIP = NO;
				DEBUG_INFORMATION_FORMAT = dwarf;
				ENABLE_STRICT_OBJC_MSGSEND = YES;
				ENABLE_TESTABILITY = YES;
				GCC_C_LANGUAGE_STANDARD = gnu11;
				GCC_DYNAMIC_NO_PIC = NO;
				GCC_NO_COMMON_BLOCKS = YES;
				GCC_OPTIMIZATION_LEVEL = 0;
				GCC_PREPROCESSOR_DEFINITIONS = (
					"DEBUG=1",
					"$(inherited)",
				);
				GCC_WARN_64_TO_32_BIT_CONVERSION = YES;
				GCC_WARN_ABOUT_RETURN_TYPE = YES_ERROR;
				GCC_WARN_UNDECLARED_SELECTOR = YES;
				GCC_WARN_UNINITIALIZED_AUTOS = YES_AGGRESSIVE;
				GCC_WARN_UNUSED_FUNCTION = YES;
				GCC_WARN_UNUSED_VARIABLE = YES;
				IPHONEOS_DEPLOYMENT_TARGET = 12.1;
				MTL_ENABLE_DEBUG_INFO = INCLUDE_SOURCE;
				MTL_FAST_MATH = YES;
				ONLY_ACTIVE_ARCH = YES;
				SDKROOT = iphoneos;
			};
			name = Debug;
		};
		F805395F2243A25100AA7312 /* Release */ = {
			isa = XCBuildConfiguration;
			buildSettings = {
				ALWAYS_SEARCH_USER_PATHS = NO;
				CLANG_ANALYZER_NONNULL = YES;
				CLANG_ANALYZER_NUMBER_OBJECT_CONVERSION = YES_AGGRESSIVE;
				CLANG_CXX_LANGUAGE_STANDARD = "gnu++14";
				CLANG_CXX_LIBRARY = "libc++";
				CLANG_ENABLE_MODULES = YES;
				CLANG_ENABLE_OBJC_ARC = YES;
				CLANG_ENABLE_OBJC_WEAK = YES;
				CLANG_WARN_BLOCK_CAPTURE_AUTORELEASING = YES;
				CLANG_WARN_BOOL_CONVERSION = YES;
				CLANG_WARN_COMMA = YES;
				CLANG_WARN_CONSTANT_CONVERSION = YES;
				CLANG_WARN_DEPRECATED_OBJC_IMPLEMENTATIONS = YES;
				CLANG_WARN_DIRECT_OBJC_ISA_USAGE = YES_ERROR;
				CLANG_WARN_DOCUMENTATION_COMMENTS = YES;
				CLANG_WARN_EMPTY_BODY = YES;
				CLANG_WARN_ENUM_CONVERSION = YES;
				CLANG_WARN_INFINITE_RECURSION = YES;
				CLANG_WARN_INT_CONVERSION = YES;
				CLANG_WARN_NON_LITERAL_NULL_CONVERSION = YES;
				CLANG_WARN_OBJC_IMPLICIT_RETAIN_SELF = YES;
				CLANG_WARN_OBJC_LITERAL_CONVERSION = YES;
				CLANG_WARN_OBJC_ROOT_CLASS = YES_ERROR;
				CLANG_WARN_RANGE_LOOP_ANALYSIS = YES;
				CLANG_WARN_STRICT_PROTOTYPES = YES;
				CLANG_WARN_SUSPICIOUS_MOVE = YES;
				CLANG_WARN_UNGUARDED_AVAILABILITY = YES_AGGRESSIVE;
				CLANG_WARN_UNREACHABLE_CODE = YES;
				CLANG_WARN__DUPLICATE_METHOD_MATCH = YES;
				CODE_SIGN_IDENTITY = "iPhone Developer";
				COPY_PHASE_STRIP = NO;
				DEBUG_INFORMATION_FORMAT = "dwarf-with-dsym";
				ENABLE_NS_ASSERTIONS = NO;
				ENABLE_STRICT_OBJC_MSGSEND = YES;
				GCC_C_LANGUAGE_STANDARD = gnu11;
				GCC_NO_COMMON_BLOCKS = YES;
				GCC_WARN_64_TO_32_BIT_CONVERSION = YES;
				GCC_WARN_ABOUT_RETURN_TYPE = YES_ERROR;
				GCC_WARN_UNDECLARED_SELECTOR = YES;
				GCC_WARN_UNINITIALIZED_AUTOS = YES_AGGRESSIVE;
				GCC_WARN_UNUSED_FUNCTION = YES;
				GCC_WARN_UNUSED_VARIABLE = YES;
				IPHONEOS_DEPLOYMENT_TARGET = 12.1;
				MTL_ENABLE_DEBUG_INFO = NO;
				MTL_FAST_MATH = YES;
				SDKROOT = iphoneos;
				VALIDATE_PRODUCT = YES;
			};
			name = Release;
		};
		F80539612243A25100AA7312 /* Debug */ = {
			isa = XCBuildConfiguration;
			baseConfigurationReference = 0FBAFD79E963563407AD2713 /* Pods-HTMLAnalysisDemo.debug.xcconfig */;
			buildSettings = {
				ASSETCATALOG_COMPILER_APPICON_NAME = AppIcon;
				CODE_SIGN_STYLE = Automatic;
				DEVELOPMENT_TEAM = 6QKE395ZLK;
				INFOPLIST_FILE = HTMLAnalysisDemo/Info.plist;
				IPHONEOS_DEPLOYMENT_TARGET = 8.0;
				LD_RUNPATH_SEARCH_PATHS = (
					"$(inherited)",
					"@executable_path/Frameworks",
				);
				PRODUCT_BUNDLE_IDENTIFIER = com.zhitongcaijing.HTMLAnalysisDemo;
				PRODUCT_NAME = "$(TARGET_NAME)";
				TARGETED_DEVICE_FAMILY = "1,2";
			};
			name = Debug;
		};
		F80539622243A25100AA7312 /* Release */ = {
			isa = XCBuildConfiguration;
			baseConfigurationReference = 68BCA25F1A491A5B9699AD06 /* Pods-HTMLAnalysisDemo.release.xcconfig */;
			buildSettings = {
				ASSETCATALOG_COMPILER_APPICON_NAME = AppIcon;
				CODE_SIGN_STYLE = Automatic;
				DEVELOPMENT_TEAM = 6QKE395ZLK;
				INFOPLIST_FILE = HTMLAnalysisDemo/Info.plist;
				IPHONEOS_DEPLOYMENT_TARGET = 8.0;
				LD_RUNPATH_SEARCH_PATHS = (
					"$(inherited)",
					"@executable_path/Frameworks",
				);
				PRODUCT_BUNDLE_IDENTIFIER = com.zhitongcaijing.HTMLAnalysisDemo;
				PRODUCT_NAME = "$(TARGET_NAME)";
				TARGETED_DEVICE_FAMILY = "1,2";
			};
			name = Release;
		};
		F80539642243A25100AA7312 /* Debug */ = {
			isa = XCBuildConfiguration;
			buildSettings = {
				BUNDLE_LOADER = "$(TEST_HOST)";
				CODE_SIGN_STYLE = Automatic;
				INFOPLIST_FILE = HTMLAnalysisDemoTests/Info.plist;
				LD_RUNPATH_SEARCH_PATHS = (
					"$(inherited)",
					"@executable_path/Frameworks",
					"@loader_path/Frameworks",
				);
				PRODUCT_BUNDLE_IDENTIFIER = com.zhitongcaijing.HTMLAnalysisDemoTests;
				PRODUCT_NAME = "$(TARGET_NAME)";
				TARGETED_DEVICE_FAMILY = "1,2";
				TEST_HOST = "$(BUILT_PRODUCTS_DIR)/HTMLAnalysisDemo.app/HTMLAnalysisDemo";
			};
			name = Debug;
		};
		F80539652243A25100AA7312 /* Release */ = {
			isa = XCBuildConfiguration;
			buildSettings = {
				BUNDLE_LOADER = "$(TEST_HOST)";
				CODE_SIGN_STYLE = Automatic;
				INFOPLIST_FILE = HTMLAnalysisDemoTests/Info.plist;
				LD_RUNPATH_SEARCH_PATHS = (
					"$(inherited)",
					"@executable_path/Frameworks",
					"@loader_path/Frameworks",
				);
				PRODUCT_BUNDLE_IDENTIFIER = com.zhitongcaijing.HTMLAnalysisDemoTests;
				PRODUCT_NAME = "$(TARGET_NAME)";
				TARGETED_DEVICE_FAMILY = "1,2";
				TEST_HOST = "$(BUILT_PRODUCTS_DIR)/HTMLAnalysisDemo.app/HTMLAnalysisDemo";
			};
			name = Release;
		};
		F80539672243A25100AA7312 /* Debug */ = {
			isa = XCBuildConfiguration;
			buildSettings = {
				CODE_SIGN_STYLE = Automatic;
				INFOPLIST_FILE = HTMLAnalysisDemoUITests/Info.plist;
				LD_RUNPATH_SEARCH_PATHS = (
					"$(inherited)",
					"@executable_path/Frameworks",
					"@loader_path/Frameworks",
				);
				PRODUCT_BUNDLE_IDENTIFIER = com.zhitongcaijing.HTMLAnalysisDemoUITests;
				PRODUCT_NAME = "$(TARGET_NAME)";
				TARGETED_DEVICE_FAMILY = "1,2";
				TEST_TARGET_NAME = HTMLAnalysisDemo;
			};
			name = Debug;
		};
		F80539682243A25100AA7312 /* Release */ = {
			isa = XCBuildConfiguration;
			buildSettings = {
				CODE_SIGN_STYLE = Automatic;
				INFOPLIST_FILE = HTMLAnalysisDemoUITests/Info.plist;
				LD_RUNPATH_SEARCH_PATHS = (
					"$(inherited)",
					"@executable_path/Frameworks",
					"@loader_path/Frameworks",
				);
				PRODUCT_BUNDLE_IDENTIFIER = com.zhitongcaijing.HTMLAnalysisDemoUITests;
				PRODUCT_NAME = "$(TARGET_NAME)";
				TARGETED_DEVICE_FAMILY = "1,2";
				TEST_TARGET_NAME = HTMLAnalysisDemo;
			};
			name = Release;
		};
/* End XCBuildConfiguration section */

/* Begin XCConfigurationList section */
		F805392F2243A24F00AA7312 /* Build configuration list for PBXProject "HTMLAnalysisDemo" */ = {
			isa = XCConfigurationList;
			buildConfigurations = (
				F805395E2243A25100AA7312 /* Debug */,
				F805395F2243A25100AA7312 /* Release */,
			);
			defaultConfigurationIsVisible = 0;
			defaultConfigurationName = Release;
		};
		F80539602243A25100AA7312 /* Build configuration list for PBXNativeTarget "HTMLAnalysisDemo" */ = {
			isa = XCConfigurationList;
			buildConfigurations = (
				F80539612243A25100AA7312 /* Debug */,
				F80539622243A25100AA7312 /* Release */,
			);
			defaultConfigurationIsVisible = 0;
			defaultConfigurationName = Release;
		};
		F80539632243A25100AA7312 /* Build configuration list for PBXNativeTarget "HTMLAnalysisDemoTests" */ = {
			isa = XCConfigurationList;
			buildConfigurations = (
				F80539642243A25100AA7312 /* Debug */,
				F80539652243A25100AA7312 /* Release */,
			);
			defaultConfigurationIsVisible = 0;
			defaultConfigurationName = Release;
		};
		F80539662243A25100AA7312 /* Build configuration list for PBXNativeTarget "HTMLAnalysisDemoUITests" */ = {
			isa = XCConfigurationList;
			buildConfigurations = (
				F80539672243A25100AA7312 /* Debug */,
				F80539682243A25100AA7312 /* Release */,
			);
			defaultConfigurationIsVisible = 0;
			defaultConfigurationName = Release;
		};
/* End XCConfigurationList section */
	};
	rootObject = F805392C2243A24F00AA7312 /* Project object */;
}
